
Microsoft Visual Studio Solution File, Format Version 12.00
# Visual Studio Version 17
VisualStudioVersion = 17.2.32526.322
MinimumVisualStudioVersion = 10.0.40219.1
Project("{9A19103F-16F7-4668-BE54-9A1E7A4F7556}") = "Streamish", "Streamish\Streamish.csproj", "{40B91B14-1A94-40DE-A700-B3E1325AE73A}"
EndProject
Project("{FAE04EC0-301F-11D3-BF4B-00C04F79EFBC}") = "Streamish.Tests", "Streamish.Tests\Streamish.Tests.csproj", "{06D8D07D-B9E0-49CC-B905-62FBEE047C19}"
EndProject
Global
	GlobalSection(SolutionConfigurationPlatforms) = preSolution
		Debug|Any CPU = Debug|Any CPU
		Release|Any CPU = Release|Any CPU
	EndGlobalSection
	GlobalSection(ProjectConfigurationPlatforms) = postSolution
		{40B91B14-1A94-40DE-A700-B3E1325AE73A}.Debug|Any CPU.ActiveCfg = Debug|Any CPU
		{40B91B14-1A94-40DE-A700-B3E1325AE73A}.Debug|Any CPU.Build.0 = Debug|Any CPU
		{40B91B14-1A94-40DE-A700-B3E1325AE73A}.Release|Any CPU.ActiveCfg = Release|Any CPU
		{40B91B14-1A94-40DE-A700-B3E1325AE73A}.Release|Any CPU.Build.0 = Release|Any CPU
		{06D8D07D-B9E0-49CC-B905-62FBEE047C19}.Debug|Any CPU.ActiveCfg = Debug|Any CPU
		{06D8D07D-B9E0-49CC-B905-62FBEE047C19}.Debug|Any CPU.Build.0 = Debug|Any CPU
		{06D8D07D-B9E0-49CC-B905-62FBEE047C19}.Release|Any CPU.ActiveCfg = Release|Any CPU
		{06D8D07D-B9E0-49CC-B905-62FBEE047C19}.Release|Any CPU.Build.0 = Release|Any CPU
	EndGlobalSection
	GlobalSection(SolutionProperties) = preSolution
		HideSolutionNode = FALSE
	EndGlobalSection
	GlobalSection(ExtensibilityGlobals) = postSolution
		SolutionGuid = {5610398E-28A0-441C-9A24-801293BE00DE}
	EndGlobalSection
EndGlobal
